// !$*UTF8*$!
{
	archiveVersion = 1;
	classes = {
	};
	objectVersion = 56;
	objects = {

/* Begin PBXBuildFile section */
		49FBCDE22BB2152A00C60817 /* SocialcademyApp.swift in Sources */ = {isa = PBXBuildFile; fileRef = 49FBCDE12BB2152A00C60817 /* SocialcademyApp.swift */; };
		49FBCDE42BB2152A00C60817 /* ContentView.swift in Sources */ = {isa = PBXBuildFile; fileRef = 49FBCDE32BB2152A00C60817 /* ContentView.swift */; };
		49FBCDE62BB2152B00C60817 /* Assets.xcassets in Resources */ = {isa = PBXBuildFile; fileRef = 49FBCDE52BB2152B00C60817 /* Assets.xcassets */; };
		49FBCDE92BB2152B00C60817 /* Preview Assets.xcassets in Resources */ = {isa = PBXBuildFile; fileRef = 49FBCDE82BB2152B00C60817 /* Preview Assets.xcassets */; };
		49FBCDF32BB2152B00C60817 /* SocialcademyTests.swift in Sources */ = {isa = PBXBuildFile; fileRef = 49FBCDF22BB2152B00C60817 /* SocialcademyTests.swift */; };
		49FBCDFD2BB2152B00C60817 /* SocialcademyUITests.swift in Sources */ = {isa = PBXBuildFile; fileRef = 49FBCDFC2BB2152B00C60817 /* SocialcademyUITests.swift */; };
		49FBCDFF2BB2152B00C60817 /* SocialcademyUITestsLaunchTests.swift in Sources */ = {isa = PBXBuildFile; fileRef = 49FBCDFE2BB2152B00C60817 /* SocialcademyUITestsLaunchTests.swift */; };
		49FBCE0D2BB2196F00C60817 /* FirebaseAnalytics in Frameworks */ = {isa = PBXBuildFile; productRef = 49FBCE0C2BB2196F00C60817 /* FirebaseAnalytics */; };
		49FBCE0F2BB2196F00C60817 /* FirebaseFirestore in Frameworks */ = {isa = PBXBuildFile; productRef = 49FBCE0E2BB2196F00C60817 /* FirebaseFirestore */; };
		49FBCE112BB2196F00C60817 /* FirebaseFirestoreSwift in Frameworks */ = {isa = PBXBuildFile; productRef = 49FBCE102BB2196F00C60817 /* FirebaseFirestoreSwift */; };
		49FBCE132BB21CA100C60817 /* GoogleService-Info.plist in Resources */ = {isa = PBXBuildFile; fileRef = 49FBCE122BB21CA100C60817 /* GoogleService-Info.plist */; };
		49FBCE182BB26ED900C60817 /* Post.swift in Sources */ = {isa = PBXBuildFile; fileRef = 49FBCE172BB26ED900C60817 /* Post.swift */; };
		49FBCE1B2BB2884200C60817 /* PostsList.swift in Sources */ = {isa = PBXBuildFile; fileRef = 49FBCE1A2BB2884200C60817 /* PostsList.swift */; };
		49FBCE1D2BB2902D00C60817 /* PostRow.swift in Sources */ = {isa = PBXBuildFile; fileRef = 49FBCE1C2BB2902D00C60817 /* PostRow.swift */; };
		49FBCE1F2BB3894A00C60817 /* NewPostForm.swift in Sources */ = {isa = PBXBuildFile; fileRef = 49FBCE1E2BB3894A00C60817 /* NewPostForm.swift */; };
/* End PBXBuildFile section */

/* Begin PBXContainerItemProxy section */
		49FBCDEF2BB2152B00C60817 /* PBXContainerItemProxy */ = {
			isa = PBXContainerItemProxy;
			containerPortal = 49FBCDD62BB2152A00C60817 /* Project object */;
			proxyType = 1;
			remoteGlobalIDString = 49FBCDDD2BB2152A00C60817;
			remoteInfo = Socialcademy;
		};
		49FBCDF92BB2152B00C60817 /* PBXContainerItemProxy */ = {
			isa = PBXContainerItemProxy;
			containerPortal = 49FBCDD62BB2152A00C60817 /* Project object */;
			proxyType = 1;
			remoteGlobalIDString = 49FBCDDD2BB2152A00C60817;
			remoteInfo = Socialcademy;
		};
/* End PBXContainerItemProxy section */

/* Begin PBXFileReference section */
		49FBCDDE2BB2152A00C60817 /* Socialcademy.app */ = {isa = PBXFileReference; explicitFileType = wrapper.application; includeInIndex = 0; path = Socialcademy.app; sourceTree = BUILT_PRODUCTS_DIR; };
		49FBCDE12BB2152A00C60817 /* SocialcademyApp.swift */ = {isa = PBXFileReference; lastKnownFileType = sourcecode.swift; path = SocialcademyApp.swift; sourceTree = "<group>"; };
		49FBCDE32BB2152A00C60817 /* ContentView.swift */ = {isa = PBXFileReference; lastKnownFileType = sourcecode.swift; path = ContentView.swift; sourceTree = "<group>"; };
		49FBCDE52BB2152B00C60817 /* Assets.xcassets */ = {isa = PBXFileReference; lastKnownFileType = folder.assetcatalog; path = Assets.xcassets; sourceTree = "<group>"; };
		49FBCDE82BB2152B00C60817 /* Preview Assets.xcassets */ = {isa = PBXFileReference; lastKnownFileType = folder.assetcatalog; path = "Preview Assets.xcassets"; sourceTree = "<group>"; };
		49FBCDEE2BB2152B00C60817 /* SocialcademyTests.xctest */ = {isa = PBXFileReference; explicitFileType = wrapper.cfbundle; includeInIndex = 0; path = SocialcademyTests.xctest; sourceTree = BUILT_PRODUCTS_DIR; };
		49FBCDF22BB2152B00C60817 /* SocialcademyTests.swift */ = {isa = PBXFileReference; lastKnownFileType = sourcecode.swift; path = SocialcademyTests.swift; sourceTree = "<group>"; };
		49FBCDF82BB2152B00C60817 /* SocialcademyUITests.xctest */ = {isa = PBXFileReference; explicitFileType = wrapper.cfbundle; includeInIndex = 0; path = SocialcademyUITests.xctest; sourceTree = BUILT_PRODUCTS_DIR; };
		49FBCDFC2BB2152B00C60817 /* SocialcademyUITests.swift */ = {isa = PBXFileReference; lastKnownFileType = sourcecode.swift; path = SocialcademyUITests.swift; sourceTree = "<group>"; };
		49FBCDFE2BB2152B00C60817 /* SocialcademyUITestsLaunchTests.swift */ = {isa = PBXFileReference; lastKnownFileType = sourcecode.swift; path = SocialcademyUITestsLaunchTests.swift; sourceTree = "<group>"; };
		49FBCE122BB21CA100C60817 /* GoogleService-Info.plist */ = {isa = PBXFileReference; fileEncoding = 4; lastKnownFileType = text.plist.xml; name = "GoogleService-Info.plist"; path = "../../../../../../Downloads/GoogleService-Info.plist"; sourceTree = "<group>"; };
		49FBCE162BB26DC900C60817 /* GoogleService-Info.plist */ = {isa = PBXFileReference; lastKnownFileType = text.plist.xml; path = "GoogleService-Info.plist"; sourceTree = "<group>"; };
		49FBCE172BB26ED900C60817 /* Post.swift */ = {isa = PBXFileReference; lastKnownFileType = sourcecode.swift; path = Post.swift; sourceTree = "<group>"; };
		49FBCE1A2BB2884200C60817 /* PostsList.swift */ = {isa = PBXFileReference; lastKnownFileType = sourcecode.swift; path = PostsList.swift; sourceTree = "<group>"; };
		49FBCE1C2BB2902D00C60817 /* PostRow.swift */ = {isa = PBXFileReference; lastKnownFileType = sourcecode.swift; path = PostRow.swift; sourceTree = "<group>"; };
		49FBCE1E2BB3894A00C60817 /* NewPostForm.swift */ = {isa = PBXFileReference; lastKnownFileType = sourcecode.swift; path = NewPostForm.swift; sourceTree = "<group>"; };
/* End PBXFileReference section */

/* Begin PBXFrameworksBuildPhase section */
		49FBCDDB2BB2152A00C60817 /* Frameworks */ = {
			isa = PBXFrameworksBuildPhase;
			buildActionMask = 2147483647;
			files = (
				49FBCE0D2BB2196F00C60817 /* FirebaseAnalytics in Frameworks */,
				49FBCE0F2BB2196F00C60817 /* FirebaseFirestore in Frameworks */,
				49FBCE112BB2196F00C60817 /* FirebaseFirestoreSwift in Frameworks */,
			);
			runOnlyForDeploymentPostprocessing = 0;
		};
		49FBCDEB2BB2152B00C60817 /* Frameworks */ = {
			isa = PBXFrameworksBuildPhase;
			buildActionMask = 2147483647;
			files = (
			);
			runOnlyForDeploymentPostprocessing = 0;
		};
		49FBCDF52BB2152B00C60817 /* Frameworks */ = {
			isa = PBXFrameworksBuildPhase;
			buildActionMask = 2147483647;
			files = (
			);
			runOnlyForDeploymentPostprocessing = 0;
		};
/* End PBXFrameworksBuildPhase section */

/* Begin PBXGroup section */
		49FBCDD52BB2152A00C60817 = {
			isa = PBXGroup;
			children = (
				49FBCDE02BB2152A00C60817 /* Socialcademy */,
				49FBCDF12BB2152B00C60817 /* SocialcademyTests */,
				49FBCDFB2BB2152B00C60817 /* SocialcademyUITests */,
				49FBCDDF2BB2152A00C60817 /* Products */,
			);
			sourceTree = "<group>";
		};
		49FBCDDF2BB2152A00C60817 /* Products */ = {
			isa = PBXGroup;
			children = (
				49FBCDDE2BB2152A00C60817 /* Socialcademy.app */,
				49FBCDEE2BB2152B00C60817 /* SocialcademyTests.xctest */,
				49FBCDF82BB2152B00C60817 /* SocialcademyUITests.xctest */,
			);
			name = Products;
			sourceTree = "<group>";
		};
		49FBCDE02BB2152A00C60817 /* Socialcademy */ = {
			isa = PBXGroup;
			children = (
				49FBCDE12BB2152A00C60817 /* SocialcademyApp.swift */,
				49FBCE142BB26DAF00C60817 /* Views */,
				49FBCE152BB26DC900C60817 /* Resources */,
				49FBCE122BB21CA100C60817 /* GoogleService-Info.plist */,
				49FBCE192BB26EE100C60817 /* Models */,
			);
			path = Socialcademy;
			sourceTree = "<group>";
		};
		49FBCDE72BB2152B00C60817 /* Preview Content */ = {
			isa = PBXGroup;
			children = (
				49FBCDE82BB2152B00C60817 /* Preview Assets.xcassets */,
			);
			path = "Preview Content";
			sourceTree = "<group>";
		};
		49FBCDF12BB2152B00C60817 /* SocialcademyTests */ = {
			isa = PBXGroup;
			children = (
				49FBCDF22BB2152B00C60817 /* SocialcademyTests.swift */,
			);
			path = SocialcademyTests;
			sourceTree = "<group>";
		};
		49FBCDFB2BB2152B00C60817 /* SocialcademyUITests */ = {
			isa = PBXGroup;
			children = (
				49FBCDFC2BB2152B00C60817 /* SocialcademyUITests.swift */,
				49FBCDFE2BB2152B00C60817 /* SocialcademyUITestsLaunchTests.swift */,
			);
			path = SocialcademyUITests;
			sourceTree = "<group>";
		};
		49FBCE142BB26DAF00C60817 /* Views */ = {
			isa = PBXGroup;
			children = (
				49FBCDE32BB2152A00C60817 /* ContentView.swift */,
				49FBCE1A2BB2884200C60817 /* PostsList.swift */,
				49FBCE1C2BB2902D00C60817 /* PostRow.swift */,
				49FBCE1E2BB3894A00C60817 /* NewPostForm.swift */,
			);
			path = Views;
			sourceTree = "<group>";
		};
		49FBCE152BB26DC900C60817 /* Resources */ = {
			isa = PBXGroup;
			children = (
				49FBCDE52BB2152B00C60817 /* Assets.xcassets */,
				49FBCE162BB26DC900C60817 /* GoogleService-Info.plist */,
				49FBCDE72BB2152B00C60817 /* Preview Content */,
			);
			path = Resources;
			sourceTree = "<group>";
		};
		49FBCE192BB26EE100C60817 /* Models */ = {
			isa = PBXGroup;
			children = (
				49FBCE172BB26ED900C60817 /* Post.swift */,
			);
			path = Models;
			sourceTree = "<group>";
		};
/* End PBXGroup section */

/* Begin PBXNativeTarget section */
		49FBCDDD2BB2152A00C60817 /* Socialcademy */ = {
			isa = PBXNativeTarget;
			buildConfigurationList = 49FBCE022BB2152B00C60817 /* Build configuration list for PBXNativeTarget "Socialcademy" */;
			buildPhases = (
				49FBCDDA2BB2152A00C60817 /* Sources */,
				49FBCDDB2BB2152A00C60817 /* Frameworks */,
				49FBCDDC2BB2152A00C60817 /* Resources */,
			);
			buildRules = (
			);
			dependencies = (
			);
			name = Socialcademy;
			packageProductDependencies = (
				49FBCE0C2BB2196F00C60817 /* FirebaseAnalytics */,
				49FBCE0E2BB2196F00C60817 /* FirebaseFirestore */,
				49FBCE102BB2196F00C60817 /* FirebaseFirestoreSwift */,
			);
			productName = Socialcademy;
			productReference = 49FBCDDE2BB2152A00C60817 /* Socialcademy.app */;
			productType = "com.apple.product-type.application";
		};
		49FBCDED2BB2152B00C60817 /* SocialcademyTests */ = {
			isa = PBXNativeTarget;
			buildConfigurationList = 49FBCE052BB2152B00C60817 /* Build configuration list for PBXNativeTarget "SocialcademyTests" */;
			buildPhases = (
				49FBCDEA2BB2152B00C60817 /* Sources */,
				49FBCDEB2BB2152B00C60817 /* Frameworks */,
				49FBCDEC2BB2152B00C60817 /* Resources */,
			);
			buildRules = (
			);
			dependencies = (
				49FBCDF02BB2152B00C60817 /* PBXTargetDependency */,
			);
			name = SocialcademyTests;
			productName = SocialcademyTests;
			productReference = 49FBCDEE2BB2152B00C60817 /* SocialcademyTests.xctest */;
			productType = "com.apple.product-type.bundle.unit-test";
		};
		49FBCDF72BB2152B00C60817 /* SocialcademyUITests */ = {
			isa = PBXNativeTarget;
			buildConfigurationList = 49FBCE082BB2152B00C60817 /* Build configuration list for PBXNativeTarget "SocialcademyUITests" */;
			buildPhases = (
				49FBCDF42BB2152B00C60817 /* Sources */,
				49FBCDF52BB2152B00C60817 /* Frameworks */,
				49FBCDF62BB2152B00C60817 /* Resources */,
			);
			buildRules = (
			);
			dependencies = (
				49FBCDFA2BB2152B00C60817 /* PBXTargetDependency */,
			);
			name = SocialcademyUITests;
			productName = SocialcademyUITests;
			productReference = 49FBCDF82BB2152B00C60817 /* SocialcademyUITests.xctest */;
			productType = "com.apple.product-type.bundle.ui-testing";
		};
/* End PBXNativeTarget section */

/* Begin PBXProject section */
		49FBCDD62BB2152A00C60817 /* Project object */ = {
			isa = PBXProject;
			attributes = {
				BuildIndependentTargetsInParallel = 1;
				LastSwiftUpdateCheck = 1500;
				LastUpgradeCheck = 1500;
				TargetAttributes = {
					49FBCDDD2BB2152A00C60817 = {
						CreatedOnToolsVersion = 15.0.1;
					};
					49FBCDED2BB2152B00C60817 = {
						CreatedOnToolsVersion = 15.0.1;
						TestTargetID = 49FBCDDD2BB2152A00C60817;
					};
					49FBCDF72BB2152B00C60817 = {
						CreatedOnToolsVersion = 15.0.1;
						TestTargetID = 49FBCDDD2BB2152A00C60817;
					};
				};
			};
			buildConfigurationList = 49FBCDD92BB2152A00C60817 /* Build configuration list for PBXProject "Socialcademy" */;
			compatibilityVersion = "Xcode 14.0";
			developmentRegion = en;
			hasScannedForEncodings = 0;
			knownRegions = (
				en,
				Base,
			);
			mainGroup = 49FBCDD52BB2152A00C60817;
			packageReferences = (
				49FBCE0B2BB2196F00C60817 /* XCRemoteSwiftPackageReference "firebase-ios-sdk" */,
			);
			productRefGroup = 49FBCDDF2BB2152A00C60817 /* Products */;
			projectDirPath = "";
			projectRoot = "";
			targets = (
				49FBCDDD2BB2152A00C60817 /* Socialcademy */,
				49FBCDED2BB2152B00C60817 /* SocialcademyTests */,
				49FBCDF72BB2152B00C60817 /* SocialcademyUITests */,
			);
		};
/* End PBXProject section */

/* Begin PBXResourcesBuildPhase section */
		49FBCDDC2BB2152A00C60817 /* Resources */ = {
			isa = PBXResourcesBuildPhase;
			buildActionMask = 2147483647;
			files = (
				49FBCE132BB21CA100C60817 /* GoogleService-Info.plist in Resources */,
				49FBCDE92BB2152B00C60817 /* Preview Assets.xcassets in Resources */,
				49FBCDE62BB2152B00C60817 /* Assets.xcassets in Resources */,
			);
			runOnlyForDeploymentPostprocessing = 0;
		};
		49FBCDEC2BB2152B00C60817 /* Resources */ = {
			isa = PBXResourcesBuildPhase;
			buildActionMask = 2147483647;
			files = (
			);
			runOnlyForDeploymentPostprocessing = 0;
		};
		49FBCDF62BB2152B00C60817 /* Resources */ = {
			isa = PBXResourcesBuildPhase;
			buildActionMask = 2147483647;
			files = (
			);
			runOnlyForDeploymentPostprocessing = 0;
		};
/* End PBXResourcesBuildPhase section */

/* Begin PBXSourcesBuildPhase section */
		49FBCDDA2BB2152A00C60817 /* Sources */ = {
			isa = PBXSourcesBuildPhase;
			buildActionMask = 2147483647;
			files = (
				49FBCE182BB26ED900C60817 /* Post.swift in Sources */,
				49FBCDE42BB2152A00C60817 /* ContentView.swift in Sources */,
				49FBCE1D2BB2902D00C60817 /* PostRow.swift in Sources */,
				49FBCDE22BB2152A00C60817 /* SocialcademyApp.swift in Sources */,
				49FBCE1F2BB3894A00C60817 /* NewPostForm.swift in Sources */,
				49FBCE1B2BB2884200C60817 /* PostsList.swift in Sources */,
			);
			runOnlyForDeploymentPostprocessing = 0;
		};
		49FBCDEA2BB2152B00C60817 /* Sources */ = {
			isa = PBXSourcesBuildPhase;
			buildActionMask = 2147483647;
			files = (
				49FBCDF32BB2152B00C60817 /* SocialcademyTests.swift in Sources */,
			);
			runOnlyForDeploymentPostprocessing = 0;
		};
		49FBCDF42BB2152B00C60817 /* Sources */ = {
			isa = PBXSourcesBuildPhase;
			buildActionMask = 2147483647;
			files = (
				49FBCDFF2BB2152B00C60817 /* SocialcademyUITestsLaunchTests.swift in Sources */,
				49FBCDFD2BB2152B00C60817 /* SocialcademyUITests.swift in Sources */,
			);
			runOnlyForDeploymentPostprocessing = 0;
		};
/* End PBXSourcesBuildPhase section */

/* Begin PBXTargetDependency section */
		49FBCDF02BB2152B00C60817 /* PBXTargetDependency */ = {
			isa = PBXTargetDependency;
			target = 49FBCDDD2BB2152A00C60817 /* Socialcademy */;
			targetProxy = 49FBCDEF2BB2152B00C60817 /* PBXContainerItemProxy */;
		};
		49FBCDFA2BB2152B00C60817 /* PBXTargetDependency */ = {
			isa = PBXTargetDependency;
			target = 49FBCDDD2BB2152A00C60817 /* Socialcademy */;
			targetProxy = 49FBCDF92BB2152B00C60817 /* PBXContainerItemProxy */;
		};
/* End PBXTargetDependency section */

/* Begin XCBuildConfiguration section */
		49FBCE002BB2152B00C60817 /* Debug */ = {
			isa = XCBuildConfiguration;
			buildSettings = {
				ALWAYS_SEARCH_USER_PATHS = NO;
				ASSETCATALOG_COMPILER_GENERATE_SWIFT_ASSET_SYMBOL_EXTENSIONS = YES;
				CLANG_ANALYZER_NONNULL = YES;
				CLANG_ANALYZER_NUMBER_OBJECT_CONVERSION = YES_AGGRESSIVE;
				CLANG_CXX_LANGUAGE_STANDARD = "gnu++20";
				CLANG_ENABLE_MODULES = YES;
				CLANG_ENABLE_OBJC_ARC = YES;
				CLANG_ENABLE_OBJC_WEAK = YES;
				CLANG_WARN_BLOCK_CAPTURE_AUTORELEASING = YES;
				CLANG_WARN_BOOL_CONVERSION = YES;
				CLANG_WARN_COMMA = YES;
				CLANG_WARN_CONSTANT_CONVERSION = YES;
				CLANG_WARN_DEPRECATED_OBJC_IMPLEMENTATIONS = YES;
				CLANG_WARN_DIRECT_OBJC_ISA_USAGE = YES_ERROR;
				CLANG_WARN_DOCUMENTATION_COMMENTS = YES;
				CLANG_WARN_EMPTY_BODY = YES;
				CLANG_WARN_ENUM_CONVERSION = YES;
				CLANG_WARN_INFINITE_RECURSION = YES;
				CLANG_WARN_INT_CONVERSION = YES;
				CLANG_WARN_NON_LITERAL_NULL_CONVERSION = YES;
				CLANG_WARN_OBJC_IMPLICIT_RETAIN_SELF = YES;
				CLANG_WARN_OBJC_LITERAL_CONVERSION = YES;
				CLANG_WARN_OBJC_ROOT_CLASS = YES_ERROR;
				CLANG_WARN_QUOTED_INCLUDE_IN_FRAMEWORK_HEADER = YES;
				CLANG_WARN_RANGE_LOOP_ANALYSIS = YES;
				CLANG_WARN_STRICT_PROTOTYPES = YES;
				CLANG_WARN_SUSPICIOUS_MOVE = YES;
				CLANG_WARN_UNGUARDED_AVAILABILITY = YES_AGGRESSIVE;
				CLANG_WARN_UNREACHABLE_CODE = YES;
				CLANG_WARN__DUPLICATE_METHOD_MATCH = YES;
				COPY_PHASE_STRIP = NO;
				DEBUG_INFORMATION_FORMAT = dwarf;
				ENABLE_STRICT_OBJC_MSGSEND = YES;
				ENABLE_TESTABILITY = YES;
				ENABLE_USER_SCRIPT_SANDBOXING = YES;
				GCC_C_LANGUAGE_STANDARD = gnu17;
				GCC_DYNAMIC_NO_PIC = NO;
				GCC_NO_COMMON_BLOCKS = YES;
				GCC_OPTIMIZATION_LEVEL = 0;
				GCC_PREPROCESSOR_DEFINITIONS = (
					"DEBUG=1",
					"$(inherited)",
				);
				GCC_WARN_64_TO_32_BIT_CONVERSION = YES;
				GCC_WARN_ABOUT_RETURN_TYPE = YES_ERROR;
				GCC_WARN_UNDECLARED_SELECTOR = YES;
				GCC_WARN_UNINITIALIZED_AUTOS = YES_AGGRESSIVE;
				GCC_WARN_UNUSED_FUNCTION = YES;
				GCC_WARN_UNUSED_VARIABLE = YES;
				IPHONEOS_DEPLOYMENT_TARGET = 17.0;
				LOCALIZATION_PREFERS_STRING_CATALOGS = YES;
				MTL_ENABLE_DEBUG_INFO = INCLUDE_SOURCE;
				MTL_FAST_MATH = YES;
				ONLY_ACTIVE_ARCH = YES;
				SDKROOT = iphoneos;
				SWIFT_ACTIVE_COMPILATION_CONDITIONS = "DEBUG $(inherited)";
				SWIFT_OPTIMIZATION_LEVEL = "-Onone";
			};
			name = Debug;
		};
		49FBCE012BB2152B00C60817 /* Release */ = {
			isa = XCBuildConfiguration;
			buildSettings = {
				ALWAYS_SEARCH_USER_PATHS = NO;
				ASSETCATALOG_COMPILER_GENERATE_SWIFT_ASSET_SYMBOL_EXTENSIONS = YES;
				CLANG_ANALYZER_NONNULL = YES;
				CLANG_ANALYZER_NUMBER_OBJECT_CONVERSION = YES_AGGRESSIVE;
				CLANG_CXX_LANGUAGE_STANDARD = "gnu++20";
				CLANG_ENABLE_MODULES = YES;
				CLANG_ENABLE_OBJC_ARC = YES;
				CLANG_ENABLE_OBJC_WEAK = YES;
				CLANG_WARN_BLOCK_CAPTURE_AUTORELEASING = YES;
				CLANG_WARN_BOOL_CONVERSION = YES;
				CLANG_WARN_COMMA = YES;
				CLANG_WARN_CONSTANT_CONVERSION = YES;
				CLANG_WARN_DEPRECATED_OBJC_IMPLEMENTATIONS = YES;
				CLANG_WARN_DIRECT_OBJC_ISA_USAGE = YES_ERROR;
				CLANG_WARN_DOCUMENTATION_COMMENTS = YES;
				CLANG_WARN_EMPTY_BODY = YES;
				CLANG_WARN_ENUM_CONVERSION = YES;
				CLANG_WARN_INFINITE_RECURSION = YES;
				CLANG_WARN_INT_CONVERSION = YES;
				CLANG_WARN_NON_LITERAL_NULL_CONVERSION = YES;
				CLANG_WARN_OBJC_IMPLICIT_RETAIN_SELF = YES;
				CLANG_WARN_OBJC_LITERAL_CONVERSION = YES;
				CLANG_WARN_OBJC_ROOT_CLASS = YES_ERROR;
				CLANG_WARN_QUOTED_INCLUDE_IN_FRAMEWORK_HEADER = YES;
				CLANG_WARN_RANGE_LOOP_ANALYSIS = YES;
				CLANG_WARN_STRICT_PROTOTYPES = YES;
				CLANG_WARN_SUSPICIOUS_MOVE = YES;
				CLANG_WARN_UNGUARDED_AVAILABILITY = YES_AGGRESSIVE;
				CLANG_WARN_UNREACHABLE_CODE = YES;
				CLANG_WARN__DUPLICATE_METHOD_MATCH = YES;
				COPY_PHASE_STRIP = NO;
				DEBUG_INFORMATION_FORMAT = "dwarf-with-dsym";
				ENABLE_NS_ASSERTIONS = NO;
				ENABLE_STRICT_OBJC_MSGSEND = YES;
				ENABLE_USER_SCRIPT_SANDBOXING = YES;
				GCC_C_LANGUAGE_STANDARD = gnu17;
				GCC_NO_COMMON_BLOCKS = YES;
				GCC_WARN_64_TO_32_BIT_CONVERSION = YES;
				GCC_WARN_ABOUT_RETURN_TYPE = YES_ERROR;
				GCC_WARN_UNDECLARED_SELECTOR = YES;
				GCC_WARN_UNINITIALIZED_AUTOS = YES_AGGRESSIVE;
				GCC_WARN_UNUSED_FUNCTION = YES;
				GCC_WARN_UNUSED_VARIABLE = YES;
				IPHONEOS_DEPLOYMENT_TARGET = 17.0;
				LOCALIZATION_PREFERS_STRING_CATALOGS = YES;
				MTL_ENABLE_DEBUG_INFO = NO;
				MTL_FAST_MATH = YES;
				SDKROOT = iphoneos;
				SWIFT_COMPILATION_MODE = wholemodule;
				VALIDATE_PRODUCT = YES;
			};
			name = Release;
		};
		49FBCE032BB2152B00C60817 /* Debug */ = {
			isa = XCBuildConfiguration;
			buildSettings = {
				ASSETCATALOG_COMPILER_APPICON_NAME = AppIcon;
				ASSETCATALOG_COMPILER_GLOBAL_ACCENT_COLOR_NAME = AccentColor;
				CODE_SIGN_STYLE = Automatic;
				CURRENT_PROJECT_VERSION = 1;
				DEVELOPMENT_ASSET_PATHS = "Socialcademy/Resources/Preview\\ Content";
				DEVELOPMENT_TEAM = PB8XCD5RSV;
				ENABLE_PREVIEWS = YES;
				GENERATE_INFOPLIST_FILE = YES;
				INFOPLIST_KEY_UIApplicationSceneManifest_Generation = YES;
				INFOPLIST_KEY_UIApplicationSupportsIndirectInputEvents = YES;
				INFOPLIST_KEY_UILaunchScreen_Generation = YES;
				INFOPLIST_KEY_UISupportedInterfaceOrientations_iPad = "UIInterfaceOrientationPortrait UIInterfaceOrientationPortraitUpsideDown UIInterfaceOrientationLandscapeLeft UIInterfaceOrientationLandscapeRight";
				INFOPLIST_KEY_UISupportedInterfaceOrientations_iPhone = "UIInterfaceOrientationPortrait UIInterfaceOrientationLandscapeLeft UIInterfaceOrientationLandscapeRight";
				IPHONEOS_DEPLOYMENT_TARGET = 15.0;
				LD_RUNPATH_SEARCH_PATHS = (
					"$(inherited)",
					"@executable_path/Frameworks",
				);
				MARKETING_VERSION = 1.0;
				PRODUCT_BUNDLE_IDENTIFIER = andrewhoang.Socialcademy;
				PRODUCT_NAME = "$(TARGET_NAME)";
				SWIFT_EMIT_LOC_STRINGS = YES;
				SWIFT_VERSION = 5.0;
				TARGETED_DEVICE_FAMILY = "1,2";
			};
			name = Debug;
		};
		49FBCE042BB2152B00C60817 /* Release */ = {
			isa = XCBuildConfiguration;
			buildSettings = {
				ASSETCATALOG_COMPILER_APPICON_NAME = AppIcon;
				ASSETCATALOG_COMPILER_GLOBAL_ACCENT_COLOR_NAME = AccentColor;
				CODE_SIGN_STYLE = Automatic;
				CURRENT_PROJECT_VERSION = 1;
				DEVELOPMENT_ASSET_PATHS = "Socialcademy/Resources/Preview\\ Content";
				DEVELOPMENT_TEAM = PB8XCD5RSV;
				ENABLE_PREVIEWS = YES;
				GENERATE_INFOPLIST_FILE = YES;
				INFOPLIST_KEY_UIApplicationSceneManifest_Generation = YES;
				INFOPLIST_KEY_UIApplicationSupportsIndirectInputEvents = YES;
				INFOPLIST_KEY_UILaunchScreen_Generation = YES;
				INFOPLIST_KEY_UISupportedInterfaceOrientations_iPad = "UIInterfaceOrientationPortrait UIInterfaceOrientationPortraitUpsideDown UIInterfaceOrientationLandscapeLeft UIInterfaceOrientationLandscapeRight";
				INFOPLIST_KEY_UISupportedInterfaceOrientations_iPhone = "UIInterfaceOrientationPortrait UIInterfaceOrientationLandscapeLeft UIInterfaceOrientationLandscapeRight";
				IPHONEOS_DEPLOYMENT_TARGET = 15.0;
				LD_RUNPATH_SEARCH_PATHS = (
					"$(inherited)",
					"@executable_path/Frameworks",
				);
				MARKETING_VERSION = 1.0;
				PRODUCT_BUNDLE_IDENTIFIER = andrewhoang.Socialcademy;
				PRODUCT_NAME = "$(TARGET_NAME)";
				SWIFT_EMIT_LOC_STRINGS = YES;
				SWIFT_VERSION = 5.0;
				TARGETED_DEVICE_FAMILY = "1,2";
			};
			name = Release;
		};
		49FBCE062BB2152B00C60817 /* Debug */ = {
			isa = XCBuildConfiguration;
			buildSettings = {
				ALWAYS_EMBED_SWIFT_STANDARD_LIBRARIES = YES;
				BUNDLE_LOADER = "$(TEST_HOST)";
				CODE_SIGN_STYLE = Automatic;
				CURRENT_PROJECT_VERSION = 1;
				DEVELOPMENT_TEAM = PB8XCD5RSV;
				GENERATE_INFOPLIST_FILE = YES;
				IPHONEOS_DEPLOYMENT_TARGET = 17.0;
				MARKETING_VERSION = 1.0;
				PRODUCT_BUNDLE_IDENTIFIER = andrewhoang.SocialcademyTests;
				PRODUCT_NAME = "$(TARGET_NAME)";
				SWIFT_EMIT_LOC_STRINGS = NO;
				SWIFT_VERSION = 5.0;
				TARGETED_DEVICE_FAMILY = "1,2";
				TEST_HOST = "$(BUILT_PRODUCTS_DIR)/Socialcademy.app/$(BUNDLE_EXECUTABLE_FOLDER_PATH)/Socialcademy";
			};
			name = Debug;
		};
		49FBCE072BB2152B00C60817 /* Release */ = {
			isa = XCBuildConfiguration;
			buildSettings = {
				ALWAYS_EMBED_SWIFT_STANDARD_LIBRARIES = YES;
				BUNDLE_LOADER = "$(TEST_HOST)";
				CODE_SIGN_STYLE = Automatic;
				CURRENT_PROJECT_VERSION = 1;
				DEVELOPMENT_TEAM = PB8XCD5RSV;
				GENERATE_INFOPLIST_FILE = YES;
				IPHONEOS_DEPLOYMENT_TARGET = 17.0;
				MARKETING_VERSION = 1.0;
				PRODUCT_BUNDLE_IDENTIFIER = andrewhoang.SocialcademyTests;
				PRODUCT_NAME = "$(TARGET_NAME)";
				SWIFT_EMIT_LOC_STRINGS = NO;
				SWIFT_VERSION = 5.0;
				TARGETED_DEVICE_FAMILY = "1,2";
				TEST_HOST = "$(BUILT_PRODUCTS_DIR)/Socialcademy.app/$(BUNDLE_EXECUTABLE_FOLDER_PATH)/Socialcademy";
			};
			name = Release;
		};
		49FBCE092BB2152B00C60817 /* Debug */ = {
			isa = XCBuildConfiguration;
			buildSettings = {
				ALWAYS_EMBED_SWIFT_STANDARD_LIBRARIES = YES;
				CODE_SIGN_STYLE = Automatic;
				CURRENT_PROJECT_VERSION = 1;
				DEVELOPMENT_TEAM = PB8XCD5RSV;
				GENERATE_INFOPLIST_FILE = YES;
				MARKETING_VERSION = 1.0;
				PRODUCT_BUNDLE_IDENTIFIER = andrewhoang.SocialcademyUITests;
				PRODUCT_NAME = "$(TARGET_NAME)";
				SWIFT_EMIT_LOC_STRINGS = NO;
				SWIFT_VERSION = 5.0;
				TARGETED_DEVICE_FAMILY = "1,2";
				TEST_TARGET_NAME = Socialcademy;
			};
			name = Debug;
		};
		49FBCE0A2BB2152B00C60817 /* Release */ = {
			isa = XCBuildConfiguration;
			buildSettings = {
				ALWAYS_EMBED_SWIFT_STANDARD_LIBRARIES = YES;
				CODE_SIGN_STYLE = Automatic;
				CURRENT_PROJECT_VERSION = 1;
				DEVELOPMENT_TEAM = PB8XCD5RSV;
				GENERATE_INFOPLIST_FILE = YES;
				MARKETING_VERSION = 1.0;
				PRODUCT_BUNDLE_IDENTIFIER = andrewhoang.SocialcademyUITests;
				PRODUCT_NAME = "$(TARGET_NAME)";
				SWIFT_EMIT_LOC_STRINGS = NO;
				SWIFT_VERSION = 5.0;
				TARGETED_DEVICE_FAMILY = "1,2";
				TEST_TARGET_NAME = Socialcademy;
			};
			name = Release;
		};
/* End XCBuildConfiguration section */

/* Begin XCConfigurationList section */
		49FBCDD92BB2152A00C60817 /* Build configuration list for PBXProject "Socialcademy" */ = {
			isa = XCConfigurationList;
			buildConfigurations = (
				49FBCE002BB2152B00C60817 /* Debug */,
				49FBCE012BB2152B00C60817 /* Release */,
			);
			defaultConfigurationIsVisible = 0;
			defaultConfigurationName = Release;
		};
		49FBCE022BB2152B00C60817 /* Build configuration list for PBXNativeTarget "Socialcademy" */ = {
			isa = XCConfigurationList;
			buildConfigurations = (
				49FBCE032BB2152B00C60817 /* Debug */,
				49FBCE042BB2152B00C60817 /* Release */,
			);
			defaultConfigurationIsVisible = 0;
			defaultConfigurationName = Release;
		};
		49FBCE052BB2152B00C60817 /* Build configuration list for PBXNativeTarget "SocialcademyTests" */ = {
			isa = XCConfigurationList;
			buildConfigurations = (
				49FBCE062BB2152B00C60817 /* Debug */,
				49FBCE072BB2152B00C60817 /* Release */,
			);
			defaultConfigurationIsVisible = 0;
			defaultConfigurationName = Release;
		};
		49FBCE082BB2152B00C60817 /* Build configuration list for PBXNativeTarget "SocialcademyUITests" */ = {
			isa = XCConfigurationList;
			buildConfigurations = (
				49FBCE092BB2152B00C60817 /* Debug */,
				49FBCE0A2BB2152B00C60817 /* Release */,
			);
			defaultConfigurationIsVisible = 0;
			defaultConfigurationName = Release;
		};
/* End XCConfigurationList section */

/* Begin XCRemoteSwiftPackageReference section */
		49FBCE0B2BB2196F00C60817 /* XCRemoteSwiftPackageReference "firebase-ios-sdk" */ = {
			isa = XCRemoteSwiftPackageReference;
			repositoryURL = "https://github.com/firebase/firebase-ios-sdk.git";
			requirement = {
				kind = upToNextMajorVersion;
				minimumVersion = 10.23.0;
			};
		};
/* End XCRemoteSwiftPackageReference section */

/* Begin XCSwiftPackageProductDependency section */
		49FBCE0C2BB2196F00C60817 /* FirebaseAnalytics */ = {
			isa = XCSwiftPackageProductDependency;
			package = 49FBCE0B2BB2196F00C60817 /* XCRemoteSwiftPackageReference "firebase-ios-sdk" */;
			productName = FirebaseAnalytics;
		};
		49FBCE0E2BB2196F00C60817 /* FirebaseFirestore */ = {
			isa = XCSwiftPackageProductDependency;
			package = 49FBCE0B2BB2196F00C60817 /* XCRemoteSwiftPackageReference "firebase-ios-sdk" */;
			productName = FirebaseFirestore;
		};
		49FBCE102BB2196F00C60817 /* FirebaseFirestoreSwift */ = {
			isa = XCSwiftPackageProductDependency;
			package = 49FBCE0B2BB2196F00C60817 /* XCRemoteSwiftPackageReference "firebase-ios-sdk" */;
			productName = FirebaseFirestoreSwift;
		};
/* End XCSwiftPackageProductDependency section */
	};
	rootObject = 49FBCDD62BB2152A00C60817 /* Project object */;
}
